// !$*UTF8*$!
{
	archiveVersion = 1;
	classes = {
	};
	objectVersion = 50;
	objects = {

/* Begin PBXBuildFile section */
		2007981A2502C13900F344A7 /* AppDelegate.swift in Sources */ = {isa = PBXBuildFile; fileRef = 200798192502C13900F344A7 /* AppDelegate.swift */; };
		2007981C2502C13900F344A7 /* SceneDelegate.swift in Sources */ = {isa = PBXBuildFile; fileRef = 2007981B2502C13900F344A7 /* SceneDelegate.swift */; };
		2007981E2502C13900F344A7 /* MainViewController.swift in Sources */ = {isa = PBXBuildFile; fileRef = 2007981D2502C13900F344A7 /* MainViewController.swift */; };
		200798232502C13A00F344A7 /* Assets.xcassets in Resources */ = {isa = PBXBuildFile; fileRef = 200798222502C13A00F344A7 /* Assets.xcassets */; };
		200798262502C13A00F344A7 /* LaunchScreen.storyboard in Resources */ = {isa = PBXBuildFile; fileRef = 200798242502C13A00F344A7 /* LaunchScreen.storyboard */; };
		2017AD78251A31BA00D67385 /* QuestionData.swift in Sources */ = {isa = PBXBuildFile; fileRef = 2017AD77251A31BA00D67385 /* QuestionData.swift */; };
		201A1A74251A5D87002D4CA8 /* QuestionvViewButtonActionDelegate.swift in Sources */ = {isa = PBXBuildFile; fileRef = 201A1A73251A5D87002D4CA8 /* QuestionvViewButtonActionDelegate.swift */; };
		203156282503D07300828AAE /* MainView.swift in Sources */ = {isa = PBXBuildFile; fileRef = 203156272503D07300828AAE /* MainView.swift */; };
		2031562A2503D8A200828AAE /* QuestionViewController.swift in Sources */ = {isa = PBXBuildFile; fileRef = 203156292503D8A200828AAE /* QuestionViewController.swift */; };
		2041F7E32506810D004783F7 /* UserInfoViewController.swift in Sources */ = {isa = PBXBuildFile; fileRef = 2041F7E22506810D004783F7 /* UserInfoViewController.swift */; };
		2041F7E525068132004783F7 /* UserInfoView.swift in Sources */ = {isa = PBXBuildFile; fileRef = 2041F7E425068132004783F7 /* UserInfoView.swift */; };
		2041F7E725069BC5004783F7 /* UserInfoViewControllerDelegate.swift in Sources */ = {isa = PBXBuildFile; fileRef = 2041F7E625069BC5004783F7 /* UserInfoViewControllerDelegate.swift */; };
		2041F7E925069C01004783F7 /* UserInfo.swift in Sources */ = {isa = PBXBuildFile; fileRef = 2041F7E825069C01004783F7 /* UserInfo.swift */; };
		2047CF70251111CD00531B34 /* NumberAlertControllerDelegate.swift in Sources */ = {isa = PBXBuildFile; fileRef = 2047CF6F251111CD00531B34 /* NumberAlertControllerDelegate.swift */; };
		207C3475250A352100B9A7BD /* TypeView.swift in Sources */ = {isa = PBXBuildFile; fileRef = 207C3474250A352100B9A7BD /* TypeView.swift */; };
		207C3477250A502900B9A7BD /* ResultExplainView.swift in Sources */ = {isa = PBXBuildFile; fileRef = 207C3476250A502900B9A7BD /* ResultExplainView.swift */; };
		207C3479250A797300B9A7BD /* CelebrityView.swift in Sources */ = {isa = PBXBuildFile; fileRef = 207C3478250A797300B9A7BD /* CelebrityView.swift */; };
		209F5062250CD69900BF4006 /* ButtonExtension.swift in Sources */ = {isa = PBXBuildFile; fileRef = 209F5061250CD69900BF4006 /* ButtonExtension.swift */; };
		20BB7B0F2513A55F00F3849E /* QuestionvView.swift in Sources */ = {isa = PBXBuildFile; fileRef = 20BB7B0E2513A55F00F3849E /* QuestionvView.swift */; };
		20C1647D2507C30E004E8378 /* ResultViewController.swift in Sources */ = {isa = PBXBuildFile; fileRef = 20C1647C2507C30E004E8378 /* ResultViewController.swift */; };
		20C1647F2507DC39004E8378 /* ResultView.swift in Sources */ = {isa = PBXBuildFile; fileRef = 20C1647E2507DC39004E8378 /* ResultView.swift */; };
		20C164812507ED3C004E8378 /* ResultCollectionViewCell.swift in Sources */ = {isa = PBXBuildFile; fileRef = 20C164802507ED3C004E8378 /* ResultCollectionViewCell.swift */; };
		20F85B0A251BBAE800AA7B70 /* TypeModel.swift in Sources */ = {isa = PBXBuildFile; fileRef = 20F85B09251BBAE800AA7B70 /* TypeModel.swift */; };
/* End PBXBuildFile section */

/* Begin PBXFileReference section */
		200798162502C13900F344A7 /* NetflexTestApp.app */ = {isa = PBXFileReference; explicitFileType = wrapper.application; includeInIndex = 0; path = NetflexTestApp.app; sourceTree = BUILT_PRODUCTS_DIR; };
		200798192502C13900F344A7 /* AppDelegate.swift */ = {isa = PBXFileReference; lastKnownFileType = sourcecode.swift; path = AppDelegate.swift; sourceTree = "<group>"; };
		2007981B2502C13900F344A7 /* SceneDelegate.swift */ = {isa = PBXFileReference; lastKnownFileType = sourcecode.swift; path = SceneDelegate.swift; sourceTree = "<group>"; };
		2007981D2502C13900F344A7 /* MainViewController.swift */ = {isa = PBXFileReference; lastKnownFileType = sourcecode.swift; path = MainViewController.swift; sourceTree = "<group>"; };
		200798222502C13A00F344A7 /* Assets.xcassets */ = {isa = PBXFileReference; lastKnownFileType = folder.assetcatalog; path = Assets.xcassets; sourceTree = "<group>"; };
		200798252502C13A00F344A7 /* Base */ = {isa = PBXFileReference; lastKnownFileType = file.storyboard; name = Base; path = Base.lproj/LaunchScreen.storyboard; sourceTree = "<group>"; };
		200798272502C13A00F344A7 /* Info.plist */ = {isa = PBXFileReference; lastKnownFileType = text.plist.xml; path = Info.plist; sourceTree = "<group>"; };
		2017AD77251A31BA00D67385 /* QuestionData.swift */ = {isa = PBXFileReference; lastKnownFileType = sourcecode.swift; path = QuestionData.swift; sourceTree = "<group>"; };
		201A1A73251A5D87002D4CA8 /* QuestionvViewButtonActionDelegate.swift */ = {isa = PBXFileReference; lastKnownFileType = sourcecode.swift; path = QuestionvViewButtonActionDelegate.swift; sourceTree = "<group>"; };
		203156272503D07300828AAE /* MainView.swift */ = {isa = PBXFileReference; lastKnownFileType = sourcecode.swift; path = MainView.swift; sourceTree = "<group>"; };
		203156292503D8A200828AAE /* QuestionViewController.swift */ = {isa = PBXFileReference; lastKnownFileType = sourcecode.swift; path = QuestionViewController.swift; sourceTree = "<group>"; };
		2041F7E22506810D004783F7 /* UserInfoViewController.swift */ = {isa = PBXFileReference; lastKnownFileType = sourcecode.swift; path = UserInfoViewController.swift; sourceTree = "<group>"; };
		2041F7E425068132004783F7 /* UserInfoView.swift */ = {isa = PBXFileReference; lastKnownFileType = sourcecode.swift; path = UserInfoView.swift; sourceTree = "<group>"; };
		2041F7E625069BC5004783F7 /* UserInfoViewControllerDelegate.swift */ = {isa = PBXFileReference; lastKnownFileType = sourcecode.swift; path = UserInfoViewControllerDelegate.swift; sourceTree = "<group>"; };
		2041F7E825069C01004783F7 /* UserInfo.swift */ = {isa = PBXFileReference; lastKnownFileType = sourcecode.swift; path = UserInfo.swift; sourceTree = "<group>"; };
		2047CF6F251111CD00531B34 /* NumberAlertControllerDelegate.swift */ = {isa = PBXFileReference; lastKnownFileType = sourcecode.swift; path = NumberAlertControllerDelegate.swift; sourceTree = "<group>"; };
		207C3474250A352100B9A7BD /* TypeView.swift */ = {isa = PBXFileReference; lastKnownFileType = sourcecode.swift; path = TypeView.swift; sourceTree = "<group>"; };
		207C3476250A502900B9A7BD /* ResultExplainView.swift */ = {isa = PBXFileReference; lastKnownFileType = sourcecode.swift; path = ResultExplainView.swift; sourceTree = "<group>"; };
		207C3478250A797300B9A7BD /* CelebrityView.swift */ = {isa = PBXFileReference; lastKnownFileType = sourcecode.swift; path = CelebrityView.swift; sourceTree = "<group>"; };
		209F5061250CD69900BF4006 /* ButtonExtension.swift */ = {isa = PBXFileReference; lastKnownFileType = sourcecode.swift; path = ButtonExtension.swift; sourceTree = "<group>"; };
		20BB7B0E2513A55F00F3849E /* QuestionvView.swift */ = {isa = PBXFileReference; lastKnownFileType = sourcecode.swift; path = QuestionvView.swift; sourceTree = "<group>"; };
		20C1647C2507C30E004E8378 /* ResultViewController.swift */ = {isa = PBXFileReference; lastKnownFileType = sourcecode.swift; path = ResultViewController.swift; sourceTree = "<group>"; };
		20C1647E2507DC39004E8378 /* ResultView.swift */ = {isa = PBXFileReference; lastKnownFileType = sourcecode.swift; path = ResultView.swift; sourceTree = "<group>"; };
		20C164802507ED3C004E8378 /* ResultCollectionViewCell.swift */ = {isa = PBXFileReference; lastKnownFileType = sourcecode.swift; path = ResultCollectionViewCell.swift; sourceTree = "<group>"; };
		20F85B09251BBAE800AA7B70 /* TypeModel.swift */ = {isa = PBXFileReference; lastKnownFileType = sourcecode.swift; path = TypeModel.swift; sourceTree = "<group>"; };
/* End PBXFileReference section */

/* Begin PBXFrameworksBuildPhase section */
		200798132502C13900F344A7 /* Frameworks */ = {
			isa = PBXFrameworksBuildPhase;
			buildActionMask = 2147483647;
			files = (
			);
			runOnlyForDeploymentPostprocessing = 0;
		};
/* End PBXFrameworksBuildPhase section */

/* Begin PBXGroup section */
		2007980D2502C13900F344A7 = {
			isa = PBXGroup;
			children = (
				200798182502C13900F344A7 /* NetflexTestApp */,
				200798172502C13900F344A7 /* Products */,
			);
			sourceTree = "<group>";
		};
		200798172502C13900F344A7 /* Products */ = {
			isa = PBXGroup;
			children = (
				200798162502C13900F344A7 /* NetflexTestApp.app */,
			);
			name = Products;
			sourceTree = "<group>";
		};
		200798182502C13900F344A7 /* NetflexTestApp */ = {
			isa = PBXGroup;
			children = (
				200798192502C13900F344A7 /* AppDelegate.swift */,
				2007981B2502C13900F344A7 /* SceneDelegate.swift */,
				2007981D2502C13900F344A7 /* MainViewController.swift */,
				203156272503D07300828AAE /* MainView.swift */,
				2041F7E22506810D004783F7 /* UserInfoViewController.swift */,
				2041F7E425068132004783F7 /* UserInfoView.swift */,
				2041F7E625069BC5004783F7 /* UserInfoViewControllerDelegate.swift */,
				2047CF6F251111CD00531B34 /* NumberAlertControllerDelegate.swift */,
				209F5061250CD69900BF4006 /* ButtonExtension.swift */,
				2041F7E825069C01004783F7 /* UserInfo.swift */,
				203156292503D8A200828AAE /* QuestionViewController.swift */,
				20BB7B0E2513A55F00F3849E /* QuestionvView.swift */,
				201A1A73251A5D87002D4CA8 /* QuestionvViewButtonActionDelegate.swift */,
				2017AD77251A31BA00D67385 /* QuestionData.swift */,
				20C1647C2507C30E004E8378 /* ResultViewController.swift */,
				20C1647E2507DC39004E8378 /* ResultView.swift */,
				20F85B09251BBAE800AA7B70 /* TypeModel.swift */,
				207C3474250A352100B9A7BD /* TypeView.swift */,
				207C3476250A502900B9A7BD /* ResultExplainView.swift */,
				207C3478250A797300B9A7BD /* CelebrityView.swift */,
				20C164802507ED3C004E8378 /* ResultCollectionViewCell.swift */,
				200798222502C13A00F344A7 /* Assets.xcassets */,
				200798242502C13A00F344A7 /* LaunchScreen.storyboard */,
				200798272502C13A00F344A7 /* Info.plist */,
			);
			path = NetflexTestApp;
			sourceTree = "<group>";
		};
/* End PBXGroup section */

/* Begin PBXNativeTarget section */
		200798152502C13900F344A7 /* NetflexTestApp */ = {
			isa = PBXNativeTarget;
			buildConfigurationList = 2007982A2502C13A00F344A7 /* Build configuration list for PBXNativeTarget "NetflexTestApp" */;
			buildPhases = (
				200798122502C13900F344A7 /* Sources */,
				200798132502C13900F344A7 /* Frameworks */,
				200798142502C13900F344A7 /* Resources */,
			);
			buildRules = (
			);
			dependencies = (
			);
			name = NetflexTestApp;
			productName = NetflexTestApp;
			productReference = 200798162502C13900F344A7 /* NetflexTestApp.app */;
			productType = "com.apple.product-type.application";
		};
/* End PBXNativeTarget section */

/* Begin PBXProject section */
		2007980E2502C13900F344A7 /* Project object */ = {
			isa = PBXProject;
			attributes = {
				LastSwiftUpdateCheck = 1160;
				LastUpgradeCheck = 1160;
				ORGANIZATIONNAME = VincentGeranium;
				TargetAttributes = {
					200798152502C13900F344A7 = {
						CreatedOnToolsVersion = 11.6;
					};
				};
			};
			buildConfigurationList = 200798112502C13900F344A7 /* Build configuration list for PBXProject "NetflexTestApp" */;
			compatibilityVersion = "Xcode 9.3";
			developmentRegion = en;
			hasScannedForEncodings = 0;
			knownRegions = (
				en,
				Base,
			);
			mainGroup = 2007980D2502C13900F344A7;
			productRefGroup = 200798172502C13900F344A7 /* Products */;
			projectDirPath = "";
			projectRoot = "";
			targets = (
				200798152502C13900F344A7 /* NetflexTestApp */,
			);
		};
/* End PBXProject section */

/* Begin PBXResourcesBuildPhase section */
		200798142502C13900F344A7 /* Resources */ = {
			isa = PBXResourcesBuildPhase;
			buildActionMask = 2147483647;
			files = (
				200798262502C13A00F344A7 /* LaunchScreen.storyboard in Resources */,
				200798232502C13A00F344A7 /* Assets.xcassets in Resources */,
			);
			runOnlyForDeploymentPostprocessing = 0;
		};
/* End PBXResourcesBuildPhase section */

/* Begin PBXSourcesBuildPhase section */
		200798122502C13900F344A7 /* Sources */ = {
			isa = PBXSourcesBuildPhase;
			buildActionMask = 2147483647;
			files = (
				2007981E2502C13900F344A7 /* MainViewController.swift in Sources */,
				2041F7E525068132004783F7 /* UserInfoView.swift in Sources */,
				20C1647F2507DC39004E8378 /* ResultView.swift in Sources */,
				2041F7E32506810D004783F7 /* UserInfoViewController.swift in Sources */,
				2041F7E725069BC5004783F7 /* UserInfoViewControllerDelegate.swift in Sources */,
				2031562A2503D8A200828AAE /* QuestionViewController.swift in Sources */,
				20F85B0A251BBAE800AA7B70 /* TypeModel.swift in Sources */,
				20C1647D2507C30E004E8378 /* ResultViewController.swift in Sources */,
				20BB7B0F2513A55F00F3849E /* QuestionvView.swift in Sources */,
				207C3475250A352100B9A7BD /* TypeView.swift in Sources */,
				20C164812507ED3C004E8378 /* ResultCollectionViewCell.swift in Sources */,
				209F5062250CD69900BF4006 /* ButtonExtension.swift in Sources */,
				207C3479250A797300B9A7BD /* CelebrityView.swift in Sources */,
				201A1A74251A5D87002D4CA8 /* QuestionvViewButtonActionDelegate.swift in Sources */,
				207C3477250A502900B9A7BD /* ResultExplainView.swift in Sources */,
				203156282503D07300828AAE /* MainView.swift in Sources */,
				2007981A2502C13900F344A7 /* AppDelegate.swift in Sources */,
				2047CF70251111CD00531B34 /* NumberAlertControllerDelegate.swift in Sources */,
				2041F7E925069C01004783F7 /* UserInfo.swift in Sources */,
				2017AD78251A31BA00D67385 /* QuestionData.swift in Sources */,
				2007981C2502C13900F344A7 /* SceneDelegate.swift in Sources */,
			);
			runOnlyForDeploymentPostprocessing = 0;
		};
/* End PBXSourcesBuildPhase section */

/* Begin PBXVariantGroup section */
		200798242502C13A00F344A7 /* LaunchScreen.storyboard */ = {
			isa = PBXVariantGroup;
			children = (
				200798252502C13A00F344A7 /* Base */,
			);
			name = LaunchScreen.storyboard;
			sourceTree = "<group>";
		};
/* End PBXVariantGroup section */

/* Begin XCBuildConfiguration section */
		200798282502C13A00F344A7 /* Debug */ = {
			isa = XCBuildConfiguration;
			buildSettings = {
				ALWAYS_SEARCH_USER_PATHS = NO;
				CLANG_ANALYZER_NONNULL = YES;
				CLANG_ANALYZER_NUMBER_OBJECT_CONVERSION = YES_AGGRESSIVE;
				CLANG_CXX_LANGUAGE_STANDARD = "gnu++14";
				CLANG_CXX_LIBRARY = "libc++";
				CLANG_ENABLE_MODULES = YES;
				CLANG_ENABLE_OBJC_ARC = YES;
				CLANG_ENABLE_OBJC_WEAK = YES;
				CLANG_WARN_BLOCK_CAPTURE_AUTORELEASING = YES;
				CLANG_WARN_BOOL_CONVERSION = YES;
				CLANG_WARN_COMMA = YES;
				CLANG_WARN_CONSTANT_CONVERSION = YES;
				CLANG_WARN_DEPRECATED_OBJC_IMPLEMENTATIONS = YES;
				CLANG_WARN_DIRECT_OBJC_ISA_USAGE = YES_ERROR;
				CLANG_WARN_DOCUMENTATION_COMMENTS = YES;
				CLANG_WARN_EMPTY_BODY = YES;
				CLANG_WARN_ENUM_CONVERSION = YES;
				CLANG_WARN_INFINITE_RECURSION = YES;
				CLANG_WARN_INT_CONVERSION = YES;
				CLANG_WARN_NON_LITERAL_NULL_CONVERSION = YES;
				CLANG_WARN_OBJC_IMPLICIT_RETAIN_SELF = YES;
				CLANG_WARN_OBJC_LITERAL_CONVERSION = YES;
				CLANG_WARN_OBJC_ROOT_CLASS = YES_ERROR;
				CLANG_WARN_RANGE_LOOP_ANALYSIS = YES;
				CLANG_WARN_STRICT_PROTOTYPES = YES;
				CLANG_WARN_SUSPICIOUS_MOVE = YES;
				CLANG_WARN_UNGUARDED_AVAILABILITY = YES_AGGRESSIVE;
				CLANG_WARN_UNREACHABLE_CODE = YES;
				CLANG_WARN__DUPLICATE_METHOD_MATCH = YES;
				COPY_PHASE_STRIP = NO;
				DEBUG_INFORMATION_FORMAT = dwarf;
				ENABLE_STRICT_OBJC_MSGSEND = YES;
				ENABLE_TESTABILITY = YES;
				GCC_C_LANGUAGE_STANDARD = gnu11;
				GCC_DYNAMIC_NO_PIC = NO;
				GCC_NO_COMMON_BLOCKS = YES;
				GCC_OPTIMIZATION_LEVEL = 0;
				GCC_PREPROCESSOR_DEFINITIONS = (
					"DEBUG=1",
					"$(inherited)",
				);
				GCC_WARN_64_TO_32_BIT_CONVERSION = YES;
				GCC_WARN_ABOUT_RETURN_TYPE = YES_ERROR;
				GCC_WARN_UNDECLARED_SELECTOR = YES;
				GCC_WARN_UNINITIALIZED_AUTOS = YES_AGGRESSIVE;
				GCC_WARN_UNUSED_FUNCTION = YES;
				GCC_WARN_UNUSED_VARIABLE = YES;
				IPHONEOS_DEPLOYMENT_TARGET = 13.6;
				MTL_ENABLE_DEBUG_INFO = INCLUDE_SOURCE;
				MTL_FAST_MATH = YES;
				ONLY_ACTIVE_ARCH = YES;
				SDKROOT = iphoneos;
				SWIFT_ACTIVE_COMPILATION_CONDITIONS = DEBUG;
				SWIFT_OPTIMIZATION_LEVEL = "-Onone";
			};
			name = Debug;
		};
		200798292502C13A00F344A7 /* Release */ = {
			isa = XCBuildConfiguration;
			buildSettings = {
				ALWAYS_SEARCH_USER_PATHS = NO;
				CLANG_ANALYZER_NONNULL = YES;
				CLANG_ANALYZER_NUMBER_OBJECT_CONVERSION = YES_AGGRESSIVE;
				CLANG_CXX_LANGUAGE_STANDARD = "gnu++14";
				CLANG_CXX_LIBRARY = "libc++";
				CLANG_ENABLE_MODULES = YES;
				CLANG_ENABLE_OBJC_ARC = YES;
				CLANG_ENABLE_OBJC_WEAK = YES;
				CLANG_WARN_BLOCK_CAPTURE_AUTORELEASING = YES;
				CLANG_WARN_BOOL_CONVERSION = YES;
				CLANG_WARN_COMMA = YES;
				CLANG_WARN_CONSTANT_CONVERSION = YES;
				CLANG_WARN_DEPRECATED_OBJC_IMPLEMENTATIONS = YES;
				CLANG_WARN_DIRECT_OBJC_ISA_USAGE = YES_ERROR;
				CLANG_WARN_DOCUMENTATION_COMMENTS = YES;
				CLANG_WARN_EMPTY_BODY = YES;
				CLANG_WARN_ENUM_CONVERSION = YES;
				CLANG_WARN_INFINITE_RECURSION = YES;
				CLANG_WARN_INT_CONVERSION = YES;
				CLANG_WARN_NON_LITERAL_NULL_CONVERSION = YES;
				CLANG_WARN_OBJC_IMPLICIT_RETAIN_SELF = YES;
				CLANG_WARN_OBJC_LITERAL_CONVERSION = YES;
				CLANG_WARN_OBJC_ROOT_CLASS = YES_ERROR;
				CLANG_WARN_RANGE_LOOP_ANALYSIS = YES;
				CLANG_WARN_STRICT_PROTOTYPES = YES;
				CLANG_WARN_SUSPICIOUS_MOVE = YES;
				CLANG_WARN_UNGUARDED_AVAILABILITY = YES_AGGRESSIVE;
				CLANG_WARN_UNREACHABLE_CODE = YES;
				CLANG_WARN__DUPLICATE_METHOD_MATCH = YES;
				COPY_PHASE_STRIP = NO;
				DEBUG_INFORMATION_FORMAT = "dwarf-with-dsym";
				ENABLE_NS_ASSERTIONS = NO;
				ENABLE_STRICT_OBJC_MSGSEND = YES;
				GCC_C_LANGUAGE_STANDARD = gnu11;
				GCC_NO_COMMON_BLOCKS = YES;
				GCC_WARN_64_TO_32_BIT_CONVERSION = YES;
				GCC_WARN_ABOUT_RETURN_TYPE = YES_ERROR;
				GCC_WARN_UNDECLARED_SELECTOR = YES;
				GCC_WARN_UNINITIALIZED_AUTOS = YES_AGGRESSIVE;
				GCC_WARN_UNUSED_FUNCTION = YES;
				GCC_WARN_UNUSED_VARIABLE = YES;
				IPHONEOS_DEPLOYMENT_TARGET = 13.6;
				MTL_ENABLE_DEBUG_INFO = NO;
				MTL_FAST_MATH = YES;
				SDKROOT = iphoneos;
				SWIFT_COMPILATION_MODE = wholemodule;
				SWIFT_OPTIMIZATION_LEVEL = "-O";
				VALIDATE_PRODUCT = YES;
			};
			name = Release;
		};
		2007982B2502C13A00F344A7 /* Debug */ = {
			isa = XCBuildConfiguration;
			buildSettings = {
				ASSETCATALOG_COMPILER_APPICON_NAME = AppIcon;
				CODE_SIGN_STYLE = Automatic;
				DEVELOPMENT_TEAM = 64WAG22Y2J;
				INFOPLIST_FILE = NetflexTestApp/Info.plist;
				LD_RUNPATH_SEARCH_PATHS = (
					"$(inherited)",
					"@executable_path/Frameworks",
				);
				PRODUCT_BUNDLE_IDENTIFIER = com.VincentGeranium.NetflexTestApp;
				PRODUCT_NAME = "$(TARGET_NAME)";
				SWIFT_VERSION = 5.0;
				TARGETED_DEVICE_FAMILY = "1,2";
			};
			name = Debug;
		};
		2007982C2502C13A00F344A7 /* Release */ = {
			isa = XCBuildConfiguration;
			buildSettings = {
				ASSETCATALOG_COMPILER_APPICON_NAME = AppIcon;
				CODE_SIGN_STYLE = Automatic;
				DEVELOPMENT_TEAM = 64WAG22Y2J;
				INFOPLIST_FILE = NetflexTestApp/Info.plist;
				LD_RUNPATH_SEARCH_PATHS = (
					"$(inherited)",
					"@executable_path/Frameworks",
				);
				PRODUCT_BUNDLE_IDENTIFIER = com.VincentGeranium.NetflexTestApp;
				PRODUCT_NAME = "$(TARGET_NAME)";
				SWIFT_VERSION = 5.0;
				TARGETED_DEVICE_FAMILY = "1,2";
			};
			name = Release;
		};
/* End XCBuildConfiguration section */

/* Begin XCConfigurationList section */
		200798112502C13900F344A7 /* Build configuration list for PBXProject "NetflexTestApp" */ = {
			isa = XCConfigurationList;
			buildConfigurations = (
				200798282502C13A00F344A7 /* Debug */,
				200798292502C13A00F344A7 /* Release */,
			);
			defaultConfigurationIsVisible = 0;
			defaultConfigurationName = Release;
		};
		2007982A2502C13A00F344A7 /* Build configuration list for PBXNativeTarget "NetflexTestApp" */ = {
			isa = XCConfigurationList;
			buildConfigurations = (
				2007982B2502C13A00F344A7 /* Debug */,
				2007982C2502C13A00F344A7 /* Release */,
			);
			defaultConfigurationIsVisible = 0;
			defaultConfigurationName = Release;
		};
/* End XCConfigurationList section */
	};
	rootObject = 2007980E2502C13900F344A7 /* Project object */;
}
