// !$*UTF8*$!
{
	archiveVersion = 1;
	classes = {
	};
	objectVersion = 51;
	objects = {

/* Begin PBXBuildFile section */
		2036EF48254BEA4A001916DB /* MainTableViewCell.swift in Sources */ = {isa = PBXBuildFile; fileRef = 2036EF47254BEA4A001916DB /* MainTableViewCell.swift */; };
		2036EF4B254BF0CE001916DB /* getData.swift in Sources */ = {isa = PBXBuildFile; fileRef = 2036EF4A254BF0CE001916DB /* getData.swift */; };
		20AE1C7D254BE8340045E624 /* AppDelegate.swift in Sources */ = {isa = PBXBuildFile; fileRef = 20AE1C7C254BE8340045E624 /* AppDelegate.swift */; };
		20AE1C7F254BE8340045E624 /* SceneDelegate.swift in Sources */ = {isa = PBXBuildFile; fileRef = 20AE1C7E254BE8340045E624 /* SceneDelegate.swift */; };
		20AE1C81254BE8340045E624 /* ViewController.swift in Sources */ = {isa = PBXBuildFile; fileRef = 20AE1C80254BE8340045E624 /* ViewController.swift */; };
		20AE1C84254BE8340045E624 /* Main.storyboard in Resources */ = {isa = PBXBuildFile; fileRef = 20AE1C82254BE8340045E624 /* Main.storyboard */; };
		20AE1C86254BE8350045E624 /* Assets.xcassets in Resources */ = {isa = PBXBuildFile; fileRef = 20AE1C85254BE8350045E624 /* Assets.xcassets */; };
		20AE1C89254BE8350045E624 /* LaunchScreen.storyboard in Resources */ = {isa = PBXBuildFile; fileRef = 20AE1C87254BE8350045E624 /* LaunchScreen.storyboard */; };
		FC5C104931CF06DEA131DEF1 /* Pods_rentalHouse.framework in Frameworks */ = {isa = PBXBuildFile; fileRef = E8D9C75ABC84EC2CFE763D9A /* Pods_rentalHouse.framework */; };
/* End PBXBuildFile section */

/* Begin PBXFileReference section */
		2036EF47254BEA4A001916DB /* MainTableViewCell.swift */ = {isa = PBXFileReference; lastKnownFileType = sourcecode.swift; path = MainTableViewCell.swift; sourceTree = "<group>"; };
		2036EF4A254BF0CE001916DB /* getData.swift */ = {isa = PBXFileReference; lastKnownFileType = sourcecode.swift; path = getData.swift; sourceTree = "<group>"; };
		20AE1C79254BE8340045E624 /* rentalHouse.app */ = {isa = PBXFileReference; explicitFileType = wrapper.application; includeInIndex = 0; path = rentalHouse.app; sourceTree = BUILT_PRODUCTS_DIR; };
		20AE1C7C254BE8340045E624 /* AppDelegate.swift */ = {isa = PBXFileReference; lastKnownFileType = sourcecode.swift; path = AppDelegate.swift; sourceTree = "<group>"; };
		20AE1C7E254BE8340045E624 /* SceneDelegate.swift */ = {isa = PBXFileReference; lastKnownFileType = sourcecode.swift; path = SceneDelegate.swift; sourceTree = "<group>"; };
		20AE1C80254BE8340045E624 /* ViewController.swift */ = {isa = PBXFileReference; lastKnownFileType = sourcecode.swift; path = ViewController.swift; sourceTree = "<group>"; };
		20AE1C83254BE8340045E624 /* Base */ = {isa = PBXFileReference; lastKnownFileType = file.storyboard; name = Base; path = Base.lproj/Main.storyboard; sourceTree = "<group>"; };
		20AE1C85254BE8350045E624 /* Assets.xcassets */ = {isa = PBXFileReference; lastKnownFileType = folder.assetcatalog; path = Assets.xcassets; sourceTree = "<group>"; };
		20AE1C88254BE8350045E624 /* Base */ = {isa = PBXFileReference; lastKnownFileType = file.storyboard; name = Base; path = Base.lproj/LaunchScreen.storyboard; sourceTree = "<group>"; };
		20AE1C8A254BE8350045E624 /* Info.plist */ = {isa = PBXFileReference; lastKnownFileType = text.plist.xml; path = Info.plist; sourceTree = "<group>"; };
		2AAE369CF42FC74221BD5735 /* Pods-rentalHouse.debug.xcconfig */ = {isa = PBXFileReference; includeInIndex = 1; lastKnownFileType = text.xcconfig; name = "Pods-rentalHouse.debug.xcconfig"; path = "Target Support Files/Pods-rentalHouse/Pods-rentalHouse.debug.xcconfig"; sourceTree = "<group>"; };
		D209BEBC2EFA9AE15B5BB657 /* Pods-rentalHouse.release.xcconfig */ = {isa = PBXFileReference; includeInIndex = 1; lastKnownFileType = text.xcconfig; name = "Pods-rentalHouse.release.xcconfig"; path = "Target Support Files/Pods-rentalHouse/Pods-rentalHouse.release.xcconfig"; sourceTree = "<group>"; };
		E8D9C75ABC84EC2CFE763D9A /* Pods_rentalHouse.framework */ = {isa = PBXFileReference; explicitFileType = wrapper.framework; includeInIndex = 0; path = Pods_rentalHouse.framework; sourceTree = BUILT_PRODUCTS_DIR; };
/* End PBXFileReference section */

/* Begin PBXFrameworksBuildPhase section */
		20AE1C76254BE8340045E624 /* Frameworks */ = {
			isa = PBXFrameworksBuildPhase;
			buildActionMask = 2147483647;
			files = (
				FC5C104931CF06DEA131DEF1 /* Pods_rentalHouse.framework in Frameworks */,
			);
			runOnlyForDeploymentPostprocessing = 0;
		};
/* End PBXFrameworksBuildPhase section */

/* Begin PBXGroup section */
		20AE1C70254BE8340045E624 = {
			isa = PBXGroup;
			children = (
				20AE1C7B254BE8340045E624 /* rentalHouse */,
				20AE1C7A254BE8340045E624 /* Products */,
				39D7EFF5538B640E3088A53B /* Pods */,
				BA87F0E096B7B673200C030B /* Frameworks */,
			);
			sourceTree = "<group>";
		};
		20AE1C7A254BE8340045E624 /* Products */ = {
			isa = PBXGroup;
			children = (
				20AE1C79254BE8340045E624 /* rentalHouse.app */,
			);
			name = Products;
			sourceTree = "<group>";
		};
		20AE1C7B254BE8340045E624 /* rentalHouse */ = {
			isa = PBXGroup;
			children = (
				20AE1C7C254BE8340045E624 /* AppDelegate.swift */,
				20AE1C7E254BE8340045E624 /* SceneDelegate.swift */,
				20AE1C80254BE8340045E624 /* ViewController.swift */,
				2036EF47254BEA4A001916DB /* MainTableViewCell.swift */,
				2036EF4A254BF0CE001916DB /* getData.swift */,
				20AE1C82254BE8340045E624 /* Main.storyboard */,
				20AE1C85254BE8350045E624 /* Assets.xcassets */,
				20AE1C87254BE8350045E624 /* LaunchScreen.storyboard */,
				20AE1C8A254BE8350045E624 /* Info.plist */,
			);
			path = rentalHouse;
			sourceTree = "<group>";
		};
		39D7EFF5538B640E3088A53B /* Pods */ = {
			isa = PBXGroup;
			children = (
				2AAE369CF42FC74221BD5735 /* Pods-rentalHouse.debug.xcconfig */,
				D209BEBC2EFA9AE15B5BB657 /* Pods-rentalHouse.release.xcconfig */,
			);
			path = Pods;
			sourceTree = "<group>";
		};
		BA87F0E096B7B673200C030B /* Frameworks */ = {
			isa = PBXGroup;
			children = (
				E8D9C75ABC84EC2CFE763D9A /* Pods_rentalHouse.framework */,
			);
			name = Frameworks;
			sourceTree = "<group>";
		};
/* End PBXGroup section */

/* Begin PBXNativeTarget section */
		20AE1C78254BE8340045E624 /* rentalHouse */ = {
			isa = PBXNativeTarget;
			buildConfigurationList = 20AE1C8D254BE8350045E624 /* Build configuration list for PBXNativeTarget "rentalHouse" */;
			buildPhases = (
				953A6837887ADD2D5FF7FFDB /* [CP] Check Pods Manifest.lock */,
				20AE1C75254BE8340045E624 /* Sources */,
				20AE1C76254BE8340045E624 /* Frameworks */,
				20AE1C77254BE8340045E624 /* Resources */,
				7A41EA22CA47026B10DB576D /* [CP] Embed Pods Frameworks */,
			);
			buildRules = (
			);
			dependencies = (
			);
			name = rentalHouse;
			productName = rentalHouse;
			productReference = 20AE1C79254BE8340045E624 /* rentalHouse.app */;
			productType = "com.apple.product-type.application";
		};
/* End PBXNativeTarget section */

/* Begin PBXProject section */
		20AE1C71254BE8340045E624 /* Project object */ = {
			isa = PBXProject;
			attributes = {
				LastSwiftUpdateCheck = 1200;
				LastUpgradeCheck = 1200;
				TargetAttributes = {
					20AE1C78254BE8340045E624 = {
						CreatedOnToolsVersion = 12.0.1;
					};
				};
			};
			buildConfigurationList = 20AE1C74254BE8340045E624 /* Build configuration list for PBXProject "rentalHouse" */;
			compatibilityVersion = "Xcode 9.3";
			developmentRegion = en;
			hasScannedForEncodings = 0;
			knownRegions = (
				en,
				Base,
			);
			mainGroup = 20AE1C70254BE8340045E624;
			productRefGroup = 20AE1C7A254BE8340045E624 /* Products */;
			projectDirPath = "";
			projectRoot = "";
			targets = (
				20AE1C78254BE8340045E624 /* rentalHouse */,
			);
		};
/* End PBXProject section */

/* Begin PBXResourcesBuildPhase section */
		20AE1C77254BE8340045E624 /* Resources */ = {
			isa = PBXResourcesBuildPhase;
			buildActionMask = 2147483647;
			files = (
				20AE1C89254BE8350045E624 /* LaunchScreen.storyboard in Resources */,
				20AE1C86254BE8350045E624 /* Assets.xcassets in Resources */,
				20AE1C84254BE8340045E624 /* Main.storyboard in Resources */,
			);
			runOnlyForDeploymentPostprocessing = 0;
		};
/* End PBXResourcesBuildPhase section */

/* Begin PBXShellScriptBuildPhase section */
		7A41EA22CA47026B10DB576D /* [CP] Embed Pods Frameworks */ = {
			isa = PBXShellScriptBuildPhase;
			buildActionMask = 2147483647;
			files = (
			);
			inputFileListPaths = (
				"${PODS_ROOT}/Target Support Files/Pods-rentalHouse/Pods-rentalHouse-frameworks-${CONFIGURATION}-input-files.xcfilelist",
			);
			name = "[CP] Embed Pods Frameworks";
			outputFileListPaths = (
				"${PODS_ROOT}/Target Support Files/Pods-rentalHouse/Pods-rentalHouse-frameworks-${CONFIGURATION}-output-files.xcfilelist",
			);
			runOnlyForDeploymentPostprocessing = 0;
			shellPath = /bin/sh;
			shellScript = "\"${PODS_ROOT}/Target Support Files/Pods-rentalHouse/Pods-rentalHouse-frameworks.sh\"\n";
			showEnvVarsInLog = 0;
		};
		953A6837887ADD2D5FF7FFDB /* [CP] Check Pods Manifest.lock */ = {
			isa = PBXShellScriptBuildPhase;
			buildActionMask = 2147483647;
			files = (
			);
			inputFileListPaths = (
			);
			inputPaths = (
				"${PODS_PODFILE_DIR_PATH}/Podfile.lock",
				"${PODS_ROOT}/Manifest.lock",
			);
			name = "[CP] Check Pods Manifest.lock";
			outputFileListPaths = (
			);
			outputPaths = (
				"$(DERIVED_FILE_DIR)/Pods-rentalHouse-checkManifestLockResult.txt",
			);
			runOnlyForDeploymentPostprocessing = 0;
			shellPath = /bin/sh;
			shellScript = "diff \"${PODS_PODFILE_DIR_PATH}/Podfile.lock\" \"${PODS_ROOT}/Manifest.lock\" > /dev/null\nif [ $? != 0 ] ; then\n    # print error to STDERR\n    echo \"error: The sandbox is not in sync with the Podfile.lock. Run 'pod install' or update your CocoaPods installation.\" >&2\n    exit 1\nfi\n# This output is used by Xcode 'outputs' to avoid re-running this script phase.\necho \"SUCCESS\" > \"${SCRIPT_OUTPUT_FILE_0}\"\n";
			showEnvVarsInLog = 0;
		};
/* End PBXShellScriptBuildPhase section */

/* Begin PBXSourcesBuildPhase section */
		20AE1C75254BE8340045E624 /* Sources */ = {
			isa = PBXSourcesBuildPhase;
			buildActionMask = 2147483647;
			files = (
				20AE1C81254BE8340045E624 /* ViewController.swift in Sources */,
				20AE1C7D254BE8340045E624 /* AppDelegate.swift in Sources */,
				2036EF48254BEA4A001916DB /* MainTableViewCell.swift in Sources */,
				2036EF4B254BF0CE001916DB /* getData.swift in Sources */,
				20AE1C7F254BE8340045E624 /* SceneDelegate.swift in Sources */,
			);
			runOnlyForDeploymentPostprocessing = 0;
		};
/* End PBXSourcesBuildPhase section */

/* Begin PBXVariantGroup section */
		20AE1C82254BE8340045E624 /* Main.storyboard */ = {
			isa = PBXVariantGroup;
			children = (
				20AE1C83254BE8340045E624 /* Base */,
			);
			name = Main.storyboard;
			sourceTree = "<group>";
		};
		20AE1C87254BE8350045E624 /* LaunchScreen.storyboard */ = {
			isa = PBXVariantGroup;
			children = (
				20AE1C88254BE8350045E624 /* Base */,
			);
			name = LaunchScreen.storyboard;
			sourceTree = "<group>";
		};
/* End PBXVariantGroup section */

/* Begin XCBuildConfiguration section */
		20AE1C8B254BE8350045E624 /* Debug */ = {
			isa = XCBuildConfiguration;
			buildSettings = {
				ALWAYS_SEARCH_USER_PATHS = NO;
				CLANG_ANALYZER_NONNULL = YES;
				CLANG_ANALYZER_NUMBER_OBJECT_CONVERSION = YES_AGGRESSIVE;
				CLANG_CXX_LANGUAGE_STANDARD = "gnu++14";
				CLANG_CXX_LIBRARY = "libc++";
				CLANG_ENABLE_MODULES = YES;
				CLANG_ENABLE_OBJC_ARC = YES;
				CLANG_ENABLE_OBJC_WEAK = YES;
				CLANG_WARN_BLOCK_CAPTURE_AUTORELEASING = YES;
				CLANG_WARN_BOOL_CONVERSION = YES;
				CLANG_WARN_COMMA = YES;
				CLANG_WARN_CONSTANT_CONVERSION = YES;
				CLANG_WARN_DEPRECATED_OBJC_IMPLEMENTATIONS = YES;
				CLANG_WARN_DIRECT_OBJC_ISA_USAGE = YES_ERROR;
				CLANG_WARN_DOCUMENTATION_COMMENTS = YES;
				CLANG_WARN_EMPTY_BODY = YES;
				CLANG_WARN_ENUM_CONVERSION = YES;
				CLANG_WARN_INFINITE_RECURSION = YES;
				CLANG_WARN_INT_CONVERSION = YES;
				CLANG_WARN_NON_LITERAL_NULL_CONVERSION = YES;
				CLANG_WARN_OBJC_IMPLICIT_RETAIN_SELF = YES;
				CLANG_WARN_OBJC_LITERAL_CONVERSION = YES;
				CLANG_WARN_OBJC_ROOT_CLASS = YES_ERROR;
				CLANG_WARN_QUOTED_INCLUDE_IN_FRAMEWORK_HEADER = YES;
				CLANG_WARN_RANGE_LOOP_ANALYSIS = YES;
				CLANG_WARN_STRICT_PROTOTYPES = YES;
				CLANG_WARN_SUSPICIOUS_MOVE = YES;
				CLANG_WARN_UNGUARDED_AVAILABILITY = YES_AGGRESSIVE;
				CLANG_WARN_UNREACHABLE_CODE = YES;
				CLANG_WARN__DUPLICATE_METHOD_MATCH = YES;
				COPY_PHASE_STRIP = NO;
				DEBUG_INFORMATION_FORMAT = dwarf;
				ENABLE_STRICT_OBJC_MSGSEND = YES;
				ENABLE_TESTABILITY = YES;
				GCC_C_LANGUAGE_STANDARD = gnu11;
				GCC_DYNAMIC_NO_PIC = NO;
				GCC_NO_COMMON_BLOCKS = YES;
				GCC_OPTIMIZATION_LEVEL = 0;
				GCC_PREPROCESSOR_DEFINITIONS = (
					"DEBUG=1",
					"$(inherited)",
				);
				GCC_WARN_64_TO_32_BIT_CONVERSION = YES;
				GCC_WARN_ABOUT_RETURN_TYPE = YES_ERROR;
				GCC_WARN_UNDECLARED_SELECTOR = YES;
				GCC_WARN_UNINITIALIZED_AUTOS = YES_AGGRESSIVE;
				GCC_WARN_UNUSED_FUNCTION = YES;
				GCC_WARN_UNUSED_VARIABLE = YES;
				IPHONEOS_DEPLOYMENT_TARGET = 14.0;
				MTL_ENABLE_DEBUG_INFO = INCLUDE_SOURCE;
				MTL_FAST_MATH = YES;
				ONLY_ACTIVE_ARCH = YES;
				SDKROOT = iphoneos;
				SWIFT_ACTIVE_COMPILATION_CONDITIONS = DEBUG;
				SWIFT_OPTIMIZATION_LEVEL = "-Onone";
			};
			name = Debug;
		};
		20AE1C8C254BE8350045E624 /* Release */ = {
			isa = XCBuildConfiguration;
			buildSettings = {
				ALWAYS_SEARCH_USER_PATHS = NO;
				CLANG_ANALYZER_NONNULL = YES;
				CLANG_ANALYZER_NUMBER_OBJECT_CONVERSION = YES_AGGRESSIVE;
				CLANG_CXX_LANGUAGE_STANDARD = "gnu++14";
				CLANG_CXX_LIBRARY = "libc++";
				CLANG_ENABLE_MODULES = YES;
				CLANG_ENABLE_OBJC_ARC = YES;
				CLANG_ENABLE_OBJC_WEAK = YES;
				CLANG_WARN_BLOCK_CAPTURE_AUTORELEASING = YES;
				CLANG_WARN_BOOL_CONVERSION = YES;
				CLANG_WARN_COMMA = YES;
				CLANG_WARN_CONSTANT_CONVERSION = YES;
				CLANG_WARN_DEPRECATED_OBJC_IMPLEMENTATIONS = YES;
				CLANG_WARN_DIRECT_OBJC_ISA_USAGE = YES_ERROR;
				CLANG_WARN_DOCUMENTATION_COMMENTS = YES;
				CLANG_WARN_EMPTY_BODY = YES;
				CLANG_WARN_ENUM_CONVERSION = YES;
				CLANG_WARN_INFINITE_RECURSION = YES;
				CLANG_WARN_INT_CONVERSION = YES;
				CLANG_WARN_NON_LITERAL_NULL_CONVERSION = YES;
				CLANG_WARN_OBJC_IMPLICIT_RETAIN_SELF = YES;
				CLANG_WARN_OBJC_LITERAL_CONVERSION = YES;
				CLANG_WARN_OBJC_ROOT_CLASS = YES_ERROR;
				CLANG_WARN_QUOTED_INCLUDE_IN_FRAMEWORK_HEADER = YES;
				CLANG_WARN_RANGE_LOOP_ANALYSIS = YES;
				CLANG_WARN_STRICT_PROTOTYPES = YES;
				CLANG_WARN_SUSPICIOUS_MOVE = YES;
				CLANG_WARN_UNGUARDED_AVAILABILITY = YES_AGGRESSIVE;
				CLANG_WARN_UNREACHABLE_CODE = YES;
				CLANG_WARN__DUPLICATE_METHOD_MATCH = YES;
				COPY_PHASE_STRIP = NO;
				DEBUG_INFORMATION_FORMAT = "dwarf-with-dsym";
				ENABLE_NS_ASSERTIONS = NO;
				ENABLE_STRICT_OBJC_MSGSEND = YES;
				GCC_C_LANGUAGE_STANDARD = gnu11;
				GCC_NO_COMMON_BLOCKS = YES;
				GCC_WARN_64_TO_32_BIT_CONVERSION = YES;
				GCC_WARN_ABOUT_RETURN_TYPE = YES_ERROR;
				GCC_WARN_UNDECLARED_SELECTOR = YES;
				GCC_WARN_UNINITIALIZED_AUTOS = YES_AGGRESSIVE;
				GCC_WARN_UNUSED_FUNCTION = YES;
				GCC_WARN_UNUSED_VARIABLE = YES;
				IPHONEOS_DEPLOYMENT_TARGET = 14.0;
				MTL_ENABLE_DEBUG_INFO = NO;
				MTL_FAST_MATH = YES;
				SDKROOT = iphoneos;
				SWIFT_COMPILATION_MODE = wholemodule;
				SWIFT_OPTIMIZATION_LEVEL = "-O";
				VALIDATE_PRODUCT = YES;
			};
			name = Release;
		};
		20AE1C8E254BE8350045E624 /* Debug */ = {
			isa = XCBuildConfiguration;
			baseConfigurationReference = 2AAE369CF42FC74221BD5735 /* Pods-rentalHouse.debug.xcconfig */;
			buildSettings = {
				ASSETCATALOG_COMPILER_APPICON_NAME = AppIcon;
				ASSETCATALOG_COMPILER_GLOBAL_ACCENT_COLOR_NAME = AccentColor;
				CODE_SIGN_STYLE = Automatic;
				DEVELOPMENT_TEAM = 64WAG22Y2J;
				INFOPLIST_FILE = rentalHouse/Info.plist;
				LD_RUNPATH_SEARCH_PATHS = (
					"$(inherited)",
					"@executable_path/Frameworks",
				);
				PRODUCT_BUNDLE_IDENTIFIER = com.VincentGeranium.rentalHouse;
				PRODUCT_NAME = "$(TARGET_NAME)";
				SWIFT_VERSION = 5.0;
				TARGETED_DEVICE_FAMILY = "1,2";
			};
			name = Debug;
		};
		20AE1C8F254BE8350045E624 /* Release */ = {
			isa = XCBuildConfiguration;
			baseConfigurationReference = D209BEBC2EFA9AE15B5BB657 /* Pods-rentalHouse.release.xcconfig */;
			buildSettings = {
				ASSETCATALOG_COMPILER_APPICON_NAME = AppIcon;
				ASSETCATALOG_COMPILER_GLOBAL_ACCENT_COLOR_NAME = AccentColor;
				CODE_SIGN_STYLE = Automatic;
				DEVELOPMENT_TEAM = 64WAG22Y2J;
				INFOPLIST_FILE = rentalHouse/Info.plist;
				LD_RUNPATH_SEARCH_PATHS = (
					"$(inherited)",
					"@executable_path/Frameworks",
				);
				PRODUCT_BUNDLE_IDENTIFIER = com.VincentGeranium.rentalHouse;
				PRODUCT_NAME = "$(TARGET_NAME)";
				SWIFT_VERSION = 5.0;
				TARGETED_DEVICE_FAMILY = "1,2";
			};
			name = Release;
		};
/* End XCBuildConfiguration section */

/* Begin XCConfigurationList section */
		20AE1C74254BE8340045E624 /* Build configuration list for PBXProject "rentalHouse" */ = {
			isa = XCConfigurationList;
			buildConfigurations = (
				20AE1C8B254BE8350045E624 /* Debug */,
				20AE1C8C254BE8350045E624 /* Release */,
			);
			defaultConfigurationIsVisible = 0;
			defaultConfigurationName = Release;
		};
		20AE1C8D254BE8350045E624 /* Build configuration list for PBXNativeTarget "rentalHouse" */ = {
			isa = XCConfigurationList;
			buildConfigurations = (
				20AE1C8E254BE8350045E624 /* Debug */,
				20AE1C8F254BE8350045E624 /* Release */,
			);
			defaultConfigurationIsVisible = 0;
			defaultConfigurationName = Release;
		};
/* End XCConfigurationList section */
	};
	rootObject = 20AE1C71254BE8340045E624 /* Project object */;
}
