// !$*UTF8*$!
{
	archiveVersion = 1;
	classes = {
	};
	objectVersion = 50;
	objects = {

/* Begin PBXBuildFile section */
		200299E425357D7600FE93FC /* AppDelegate.swift in Sources */ = {isa = PBXBuildFile; fileRef = 200299E325357D7600FE93FC /* AppDelegate.swift */; };
		200299E625357D7600FE93FC /* SceneDelegate.swift in Sources */ = {isa = PBXBuildFile; fileRef = 200299E525357D7600FE93FC /* SceneDelegate.swift */; };
		200299E825357D7700FE93FC /* MainViewController.swift in Sources */ = {isa = PBXBuildFile; fileRef = 200299E725357D7700FE93FC /* MainViewController.swift */; };
		200299ED25357D7800FE93FC /* Assets.xcassets in Resources */ = {isa = PBXBuildFile; fileRef = 200299EC25357D7800FE93FC /* Assets.xcassets */; };
		200299F025357D7800FE93FC /* LaunchScreen.storyboard in Resources */ = {isa = PBXBuildFile; fileRef = 200299EE25357D7800FE93FC /* LaunchScreen.storyboard */; };
		200299FA25357E8E00FE93FC /* MainView.swift in Sources */ = {isa = PBXBuildFile; fileRef = 200299F925357E8E00FE93FC /* MainView.swift */; };
		200299FC253581D300FE93FC /* MainButton.swift in Sources */ = {isa = PBXBuildFile; fileRef = 200299FB253581D300FE93FC /* MainButton.swift */; };
		201311D0253613610099279C /* SelectionViewController.swift in Sources */ = {isa = PBXBuildFile; fileRef = 201311CF253613610099279C /* SelectionViewController.swift */; };
		2085DDC22536CFE800B1B146 /* SelectionTitleView.swift in Sources */ = {isa = PBXBuildFile; fileRef = 2085DDC12536CFE800B1B146 /* SelectionTitleView.swift */; };
		2085DDC42536D55F00B1B146 /* ViewTransitionModel.swift in Sources */ = {isa = PBXBuildFile; fileRef = 2085DDC32536D55F00B1B146 /* ViewTransitionModel.swift */; };
		20C122222539CD13005DC1B2 /* GreenTeamSymbolButtonView.swift in Sources */ = {isa = PBXBuildFile; fileRef = 20C122212539CD13005DC1B2 /* GreenTeamSymbolButtonView.swift */; };
		20C122272539DA50005DC1B2 /* YourTeamViewController.swift in Sources */ = {isa = PBXBuildFile; fileRef = 20C122262539DA50005DC1B2 /* YourTeamViewController.swift */; };
		20C1222A2539DD91005DC1B2 /* RedTeamSymbolButtonView.swift in Sources */ = {isa = PBXBuildFile; fileRef = 20C122292539DD91005DC1B2 /* RedTeamSymbolButtonView.swift */; };
		20C1222F2539F415005DC1B2 /* YourTeamImageView.swift in Sources */ = {isa = PBXBuildFile; fileRef = 20C1222E2539F415005DC1B2 /* YourTeamImageView.swift */; };
/* End PBXBuildFile section */

/* Begin PBXFileReference section */
		200299E025357D7600FE93FC /* observerNotiCenterTutorial.app */ = {isa = PBXFileReference; explicitFileType = wrapper.application; includeInIndex = 0; path = observerNotiCenterTutorial.app; sourceTree = BUILT_PRODUCTS_DIR; };
		200299E325357D7600FE93FC /* AppDelegate.swift */ = {isa = PBXFileReference; lastKnownFileType = sourcecode.swift; path = AppDelegate.swift; sourceTree = "<group>"; };
		200299E525357D7600FE93FC /* SceneDelegate.swift */ = {isa = PBXFileReference; lastKnownFileType = sourcecode.swift; path = SceneDelegate.swift; sourceTree = "<group>"; };
		200299E725357D7700FE93FC /* MainViewController.swift */ = {isa = PBXFileReference; lastKnownFileType = sourcecode.swift; path = MainViewController.swift; sourceTree = "<group>"; };
		200299EC25357D7800FE93FC /* Assets.xcassets */ = {isa = PBXFileReference; lastKnownFileType = folder.assetcatalog; path = Assets.xcassets; sourceTree = "<group>"; };
		200299EF25357D7800FE93FC /* Base */ = {isa = PBXFileReference; lastKnownFileType = file.storyboard; name = Base; path = Base.lproj/LaunchScreen.storyboard; sourceTree = "<group>"; };
		200299F125357D7800FE93FC /* Info.plist */ = {isa = PBXFileReference; lastKnownFileType = text.plist.xml; path = Info.plist; sourceTree = "<group>"; };
		200299F925357E8E00FE93FC /* MainView.swift */ = {isa = PBXFileReference; lastKnownFileType = sourcecode.swift; path = MainView.swift; sourceTree = "<group>"; };
		200299FB253581D300FE93FC /* MainButton.swift */ = {isa = PBXFileReference; lastKnownFileType = sourcecode.swift; path = MainButton.swift; sourceTree = "<group>"; };
		201311CF253613610099279C /* SelectionViewController.swift */ = {isa = PBXFileReference; lastKnownFileType = sourcecode.swift; path = SelectionViewController.swift; sourceTree = "<group>"; };
		2085DDC12536CFE800B1B146 /* SelectionTitleView.swift */ = {isa = PBXFileReference; lastKnownFileType = sourcecode.swift; path = SelectionTitleView.swift; sourceTree = "<group>"; };
		2085DDC32536D55F00B1B146 /* ViewTransitionModel.swift */ = {isa = PBXFileReference; lastKnownFileType = sourcecode.swift; path = ViewTransitionModel.swift; sourceTree = "<group>"; };
		20C122212539CD13005DC1B2 /* GreenTeamSymbolButtonView.swift */ = {isa = PBXFileReference; lastKnownFileType = sourcecode.swift; path = GreenTeamSymbolButtonView.swift; sourceTree = "<group>"; };
		20C122262539DA50005DC1B2 /* YourTeamViewController.swift */ = {isa = PBXFileReference; lastKnownFileType = sourcecode.swift; path = YourTeamViewController.swift; sourceTree = "<group>"; };
		20C122292539DD91005DC1B2 /* RedTeamSymbolButtonView.swift */ = {isa = PBXFileReference; lastKnownFileType = sourcecode.swift; path = RedTeamSymbolButtonView.swift; sourceTree = "<group>"; };
		20C1222E2539F415005DC1B2 /* YourTeamImageView.swift */ = {isa = PBXFileReference; lastKnownFileType = sourcecode.swift; path = YourTeamImageView.swift; sourceTree = "<group>"; };
/* End PBXFileReference section */

/* Begin PBXFrameworksBuildPhase section */
		200299DD25357D7600FE93FC /* Frameworks */ = {
			isa = PBXFrameworksBuildPhase;
			buildActionMask = 2147483647;
			files = (
			);
			runOnlyForDeploymentPostprocessing = 0;
		};
/* End PBXFrameworksBuildPhase section */

/* Begin PBXGroup section */
		200299D725357D7600FE93FC = {
			isa = PBXGroup;
			children = (
				200299E225357D7600FE93FC /* observerNotiCenterTutorial */,
				200299E125357D7600FE93FC /* Products */,
			);
			sourceTree = "<group>";
		};
		200299E125357D7600FE93FC /* Products */ = {
			isa = PBXGroup;
			children = (
				200299E025357D7600FE93FC /* observerNotiCenterTutorial.app */,
			);
			name = Products;
			sourceTree = "<group>";
		};
		200299E225357D7600FE93FC /* observerNotiCenterTutorial */ = {
			isa = PBXGroup;
			children = (
				200299E325357D7600FE93FC /* AppDelegate.swift */,
				200299E525357D7600FE93FC /* SceneDelegate.swift */,
				200299EC25357D7800FE93FC /* Assets.xcassets */,
				200299EE25357D7800FE93FC /* LaunchScreen.storyboard */,
				200299F125357D7800FE93FC /* Info.plist */,
				200299E725357D7700FE93FC /* MainViewController.swift */,
				200299F925357E8E00FE93FC /* MainView.swift */,
				200299FB253581D300FE93FC /* MainButton.swift */,
				2085DDC32536D55F00B1B146 /* ViewTransitionModel.swift */,
				201311CF253613610099279C /* SelectionViewController.swift */,
				2085DDC12536CFE800B1B146 /* SelectionTitleView.swift */,
				20C122212539CD13005DC1B2 /* GreenTeamSymbolButtonView.swift */,
				20C122292539DD91005DC1B2 /* RedTeamSymbolButtonView.swift */,
				20C122262539DA50005DC1B2 /* YourTeamViewController.swift */,
				20C1222E2539F415005DC1B2 /* YourTeamImageView.swift */,
				201311D1253613710099279C /* Controller */,
				201311D2253613920099279C /* View */,
			);
			path = observerNotiCenterTutorial;
			sourceTree = "<group>";
		};
		201311D1253613710099279C /* Controller */ = {
			isa = PBXGroup;
			children = (
			);
			path = Controller;
			sourceTree = "<group>";
		};
		201311D2253613920099279C /* View */ = {
			isa = PBXGroup;
			children = (
			);
			path = View;
			sourceTree = "<group>";
		};
/* End PBXGroup section */

/* Begin PBXNativeTarget section */
		200299DF25357D7600FE93FC /* observerNotiCenterTutorial */ = {
			isa = PBXNativeTarget;
			buildConfigurationList = 200299F425357D7800FE93FC /* Build configuration list for PBXNativeTarget "observerNotiCenterTutorial" */;
			buildPhases = (
				200299DC25357D7600FE93FC /* Sources */,
				200299DD25357D7600FE93FC /* Frameworks */,
				200299DE25357D7600FE93FC /* Resources */,
			);
			buildRules = (
			);
			dependencies = (
			);
			name = observerNotiCenterTutorial;
			productName = observerNotiCenterTutorial;
			productReference = 200299E025357D7600FE93FC /* observerNotiCenterTutorial.app */;
			productType = "com.apple.product-type.application";
		};
/* End PBXNativeTarget section */

/* Begin PBXProject section */
		200299D825357D7600FE93FC /* Project object */ = {
			isa = PBXProject;
			attributes = {
				LastSwiftUpdateCheck = 1160;
				LastUpgradeCheck = 1160;
				ORGANIZATIONNAME = VincentGeranium;
				TargetAttributes = {
					200299DF25357D7600FE93FC = {
						CreatedOnToolsVersion = 11.6;
					};
				};
			};
			buildConfigurationList = 200299DB25357D7600FE93FC /* Build configuration list for PBXProject "observerNotiCenterTutorial" */;
			compatibilityVersion = "Xcode 9.3";
			developmentRegion = en;
			hasScannedForEncodings = 0;
			knownRegions = (
				en,
				Base,
			);
			mainGroup = 200299D725357D7600FE93FC;
			productRefGroup = 200299E125357D7600FE93FC /* Products */;
			projectDirPath = "";
			projectRoot = "";
			targets = (
				200299DF25357D7600FE93FC /* observerNotiCenterTutorial */,
			);
		};
/* End PBXProject section */

/* Begin PBXResourcesBuildPhase section */
		200299DE25357D7600FE93FC /* Resources */ = {
			isa = PBXResourcesBuildPhase;
			buildActionMask = 2147483647;
			files = (
				200299F025357D7800FE93FC /* LaunchScreen.storyboard in Resources */,
				200299ED25357D7800FE93FC /* Assets.xcassets in Resources */,
			);
			runOnlyForDeploymentPostprocessing = 0;
		};
/* End PBXResourcesBuildPhase section */

/* Begin PBXSourcesBuildPhase section */
		200299DC25357D7600FE93FC /* Sources */ = {
			isa = PBXSourcesBuildPhase;
			buildActionMask = 2147483647;
			files = (
				2085DDC22536CFE800B1B146 /* SelectionTitleView.swift in Sources */,
				20C1222A2539DD91005DC1B2 /* RedTeamSymbolButtonView.swift in Sources */,
				200299E825357D7700FE93FC /* MainViewController.swift in Sources */,
				20C122272539DA50005DC1B2 /* YourTeamViewController.swift in Sources */,
				201311D0253613610099279C /* SelectionViewController.swift in Sources */,
				2085DDC42536D55F00B1B146 /* ViewTransitionModel.swift in Sources */,
				20C1222F2539F415005DC1B2 /* YourTeamImageView.swift in Sources */,
				200299FA25357E8E00FE93FC /* MainView.swift in Sources */,
				20C122222539CD13005DC1B2 /* GreenTeamSymbolButtonView.swift in Sources */,
				200299E425357D7600FE93FC /* AppDelegate.swift in Sources */,
				200299E625357D7600FE93FC /* SceneDelegate.swift in Sources */,
				200299FC253581D300FE93FC /* MainButton.swift in Sources */,
			);
			runOnlyForDeploymentPostprocessing = 0;
		};
/* End PBXSourcesBuildPhase section */

/* Begin PBXVariantGroup section */
		200299EE25357D7800FE93FC /* LaunchScreen.storyboard */ = {
			isa = PBXVariantGroup;
			children = (
				200299EF25357D7800FE93FC /* Base */,
			);
			name = LaunchScreen.storyboard;
			sourceTree = "<group>";
		};
/* End PBXVariantGroup section */

/* Begin XCBuildConfiguration section */
		200299F225357D7800FE93FC /* Debug */ = {
			isa = XCBuildConfiguration;
			buildSettings = {
				ALWAYS_SEARCH_USER_PATHS = NO;
				CLANG_ANALYZER_NONNULL = YES;
				CLANG_ANALYZER_NUMBER_OBJECT_CONVERSION = YES_AGGRESSIVE;
				CLANG_CXX_LANGUAGE_STANDARD = "gnu++14";
				CLANG_CXX_LIBRARY = "libc++";
				CLANG_ENABLE_MODULES = YES;
				CLANG_ENABLE_OBJC_ARC = YES;
				CLANG_ENABLE_OBJC_WEAK = YES;
				CLANG_WARN_BLOCK_CAPTURE_AUTORELEASING = YES;
				CLANG_WARN_BOOL_CONVERSION = YES;
				CLANG_WARN_COMMA = YES;
				CLANG_WARN_CONSTANT_CONVERSION = YES;
				CLANG_WARN_DEPRECATED_OBJC_IMPLEMENTATIONS = YES;
				CLANG_WARN_DIRECT_OBJC_ISA_USAGE = YES_ERROR;
				CLANG_WARN_DOCUMENTATION_COMMENTS = YES;
				CLANG_WARN_EMPTY_BODY = YES;
				CLANG_WARN_ENUM_CONVERSION = YES;
				CLANG_WARN_INFINITE_RECURSION = YES;
				CLANG_WARN_INT_CONVERSION = YES;
				CLANG_WARN_NON_LITERAL_NULL_CONVERSION = YES;
				CLANG_WARN_OBJC_IMPLICIT_RETAIN_SELF = YES;
				CLANG_WARN_OBJC_LITERAL_CONVERSION = YES;
				CLANG_WARN_OBJC_ROOT_CLASS = YES_ERROR;
				CLANG_WARN_RANGE_LOOP_ANALYSIS = YES;
				CLANG_WARN_STRICT_PROTOTYPES = YES;
				CLANG_WARN_SUSPICIOUS_MOVE = YES;
				CLANG_WARN_UNGUARDED_AVAILABILITY = YES_AGGRESSIVE;
				CLANG_WARN_UNREACHABLE_CODE = YES;
				CLANG_WARN__DUPLICATE_METHOD_MATCH = YES;
				COPY_PHASE_STRIP = NO;
				DEBUG_INFORMATION_FORMAT = dwarf;
				ENABLE_STRICT_OBJC_MSGSEND = YES;
				ENABLE_TESTABILITY = YES;
				GCC_C_LANGUAGE_STANDARD = gnu11;
				GCC_DYNAMIC_NO_PIC = NO;
				GCC_NO_COMMON_BLOCKS = YES;
				GCC_OPTIMIZATION_LEVEL = 0;
				GCC_PREPROCESSOR_DEFINITIONS = (
					"DEBUG=1",
					"$(inherited)",
				);
				GCC_WARN_64_TO_32_BIT_CONVERSION = YES;
				GCC_WARN_ABOUT_RETURN_TYPE = YES_ERROR;
				GCC_WARN_UNDECLARED_SELECTOR = YES;
				GCC_WARN_UNINITIALIZED_AUTOS = YES_AGGRESSIVE;
				GCC_WARN_UNUSED_FUNCTION = YES;
				GCC_WARN_UNUSED_VARIABLE = YES;
				IPHONEOS_DEPLOYMENT_TARGET = 13.6;
				MTL_ENABLE_DEBUG_INFO = INCLUDE_SOURCE;
				MTL_FAST_MATH = YES;
				ONLY_ACTIVE_ARCH = YES;
				SDKROOT = iphoneos;
				SWIFT_ACTIVE_COMPILATION_CONDITIONS = DEBUG;
				SWIFT_OPTIMIZATION_LEVEL = "-Onone";
			};
			name = Debug;
		};
		200299F325357D7800FE93FC /* Release */ = {
			isa = XCBuildConfiguration;
			buildSettings = {
				ALWAYS_SEARCH_USER_PATHS = NO;
				CLANG_ANALYZER_NONNULL = YES;
				CLANG_ANALYZER_NUMBER_OBJECT_CONVERSION = YES_AGGRESSIVE;
				CLANG_CXX_LANGUAGE_STANDARD = "gnu++14";
				CLANG_CXX_LIBRARY = "libc++";
				CLANG_ENABLE_MODULES = YES;
				CLANG_ENABLE_OBJC_ARC = YES;
				CLANG_ENABLE_OBJC_WEAK = YES;
				CLANG_WARN_BLOCK_CAPTURE_AUTORELEASING = YES;
				CLANG_WARN_BOOL_CONVERSION = YES;
				CLANG_WARN_COMMA = YES;
				CLANG_WARN_CONSTANT_CONVERSION = YES;
				CLANG_WARN_DEPRECATED_OBJC_IMPLEMENTATIONS = YES;
				CLANG_WARN_DIRECT_OBJC_ISA_USAGE = YES_ERROR;
				CLANG_WARN_DOCUMENTATION_COMMENTS = YES;
				CLANG_WARN_EMPTY_BODY = YES;
				CLANG_WARN_ENUM_CONVERSION = YES;
				CLANG_WARN_INFINITE_RECURSION = YES;
				CLANG_WARN_INT_CONVERSION = YES;
				CLANG_WARN_NON_LITERAL_NULL_CONVERSION = YES;
				CLANG_WARN_OBJC_IMPLICIT_RETAIN_SELF = YES;
				CLANG_WARN_OBJC_LITERAL_CONVERSION = YES;
				CLANG_WARN_OBJC_ROOT_CLASS = YES_ERROR;
				CLANG_WARN_RANGE_LOOP_ANALYSIS = YES;
				CLANG_WARN_STRICT_PROTOTYPES = YES;
				CLANG_WARN_SUSPICIOUS_MOVE = YES;
				CLANG_WARN_UNGUARDED_AVAILABILITY = YES_AGGRESSIVE;
				CLANG_WARN_UNREACHABLE_CODE = YES;
				CLANG_WARN__DUPLICATE_METHOD_MATCH = YES;
				COPY_PHASE_STRIP = NO;
				DEBUG_INFORMATION_FORMAT = "dwarf-with-dsym";
				ENABLE_NS_ASSERTIONS = NO;
				ENABLE_STRICT_OBJC_MSGSEND = YES;
				GCC_C_LANGUAGE_STANDARD = gnu11;
				GCC_NO_COMMON_BLOCKS = YES;
				GCC_WARN_64_TO_32_BIT_CONVERSION = YES;
				GCC_WARN_ABOUT_RETURN_TYPE = YES_ERROR;
				GCC_WARN_UNDECLARED_SELECTOR = YES;
				GCC_WARN_UNINITIALIZED_AUTOS = YES_AGGRESSIVE;
				GCC_WARN_UNUSED_FUNCTION = YES;
				GCC_WARN_UNUSED_VARIABLE = YES;
				IPHONEOS_DEPLOYMENT_TARGET = 13.6;
				MTL_ENABLE_DEBUG_INFO = NO;
				MTL_FAST_MATH = YES;
				SDKROOT = iphoneos;
				SWIFT_COMPILATION_MODE = wholemodule;
				SWIFT_OPTIMIZATION_LEVEL = "-O";
				VALIDATE_PRODUCT = YES;
			};
			name = Release;
		};
		200299F525357D7800FE93FC /* Debug */ = {
			isa = XCBuildConfiguration;
			buildSettings = {
				ASSETCATALOG_COMPILER_APPICON_NAME = AppIcon;
				CODE_SIGN_STYLE = Automatic;
				DEVELOPMENT_TEAM = 64WAG22Y2J;
				INFOPLIST_FILE = observerNotiCenterTutorial/Info.plist;
				LD_RUNPATH_SEARCH_PATHS = (
					"$(inherited)",
					"@executable_path/Frameworks",
				);
				PRODUCT_BUNDLE_IDENTIFIER = com.VincentGeranium.observerNotiCenterTutorial;
				PRODUCT_NAME = "$(TARGET_NAME)";
				SWIFT_VERSION = 5.0;
				TARGETED_DEVICE_FAMILY = "1,2";
			};
			name = Debug;
		};
		200299F625357D7800FE93FC /* Release */ = {
			isa = XCBuildConfiguration;
			buildSettings = {
				ASSETCATALOG_COMPILER_APPICON_NAME = AppIcon;
				CODE_SIGN_STYLE = Automatic;
				DEVELOPMENT_TEAM = 64WAG22Y2J;
				INFOPLIST_FILE = observerNotiCenterTutorial/Info.plist;
				LD_RUNPATH_SEARCH_PATHS = (
					"$(inherited)",
					"@executable_path/Frameworks",
				);
				PRODUCT_BUNDLE_IDENTIFIER = com.VincentGeranium.observerNotiCenterTutorial;
				PRODUCT_NAME = "$(TARGET_NAME)";
				SWIFT_VERSION = 5.0;
				TARGETED_DEVICE_FAMILY = "1,2";
			};
			name = Release;
		};
/* End XCBuildConfiguration section */

/* Begin XCConfigurationList section */
		200299DB25357D7600FE93FC /* Build configuration list for PBXProject "observerNotiCenterTutorial" */ = {
			isa = XCConfigurationList;
			buildConfigurations = (
				200299F225357D7800FE93FC /* Debug */,
				200299F325357D7800FE93FC /* Release */,
			);
			defaultConfigurationIsVisible = 0;
			defaultConfigurationName = Release;
		};
		200299F425357D7800FE93FC /* Build configuration list for PBXNativeTarget "observerNotiCenterTutorial" */ = {
			isa = XCConfigurationList;
			buildConfigurations = (
				200299F525357D7800FE93FC /* Debug */,
				200299F625357D7800FE93FC /* Release */,
			);
			defaultConfigurationIsVisible = 0;
			defaultConfigurationName = Release;
		};
/* End XCConfigurationList section */
	};
	rootObject = 200299D825357D7600FE93FC /* Project object */;
}
